// !$*UTF8*$!
{
	archiveVersion = 1;
	classes = {
	};
	objectVersion = 46;
	objects = {

/* Begin PBXBuildFile section */
		7BB3AB37EB494BCEBB02ABB6 /* libPods.a in Frameworks */ = {isa = PBXBuildFile; fileRef = 068923FA732D485CBE8406E4 /* libPods.a */; };
		8CF9828318FECB46001A3FAB /* Foundation.framework in Frameworks */ = {isa = PBXBuildFile; fileRef = 8CF9828218FECB46001A3FAB /* Foundation.framework */; };
		8CF9828518FECB46001A3FAB /* CoreGraphics.framework in Frameworks */ = {isa = PBXBuildFile; fileRef = 8CF9828418FECB46001A3FAB /* CoreGraphics.framework */; };
		8CF9828718FECB46001A3FAB /* UIKit.framework in Frameworks */ = {isa = PBXBuildFile; fileRef = 8CF9828618FECB46001A3FAB /* UIKit.framework */; };
		8CF9828D18FECB46001A3FAB /* InfoPlist.strings in Resources */ = {isa = PBXBuildFile; fileRef = 8CF9828B18FECB46001A3FAB /* InfoPlist.strings */; };
		8CF9828F18FECB46001A3FAB /* main.m in Sources */ = {isa = PBXBuildFile; fileRef = 8CF9828E18FECB46001A3FAB /* main.m */; };
		8CF9829318FECB46001A3FAB /* CADAppDelegate.m in Sources */ = {isa = PBXBuildFile; fileRef = 8CF9829218FECB46001A3FAB /* CADAppDelegate.m */; };
		8CF9829518FECB46001A3FAB /* Images.xcassets in Resources */ = {isa = PBXBuildFile; fileRef = 8CF9829418FECB46001A3FAB /* Images.xcassets */; };
		8CF9829C18FECB46001A3FAB /* XCTest.framework in Frameworks */ = {isa = PBXBuildFile; fileRef = 8CF9829B18FECB46001A3FAB /* XCTest.framework */; };
		8CF9829D18FECB46001A3FAB /* Foundation.framework in Frameworks */ = {isa = PBXBuildFile; fileRef = 8CF9828218FECB46001A3FAB /* Foundation.framework */; };
		8CF9829E18FECB46001A3FAB /* UIKit.framework in Frameworks */ = {isa = PBXBuildFile; fileRef = 8CF9828618FECB46001A3FAB /* UIKit.framework */; };
		8CF982A618FECB46001A3FAB /* InfoPlist.strings in Resources */ = {isa = PBXBuildFile; fileRef = 8CF982A418FECB46001A3FAB /* InfoPlist.strings */; };
		8CF982A818FECB46001A3FAB /* CADRACSwippeableCellTests.m in Sources */ = {isa = PBXBuildFile; fileRef = 8CF982A718FECB46001A3FAB /* CADRACSwippeableCellTests.m */; };
		8CF982B418FECCB1001A3FAB /* CADViewController.m in Sources */ = {isa = PBXBuildFile; fileRef = 8CF982B218FECCB1001A3FAB /* CADViewController.m */; };
		8CF982B518FECCB1001A3FAB /* CADViewController.xib in Resources */ = {isa = PBXBuildFile; fileRef = 8CF982B318FECCB1001A3FAB /* CADViewController.xib */; };
		8CF982B818FECE50001A3FAB /* CADRACSwippeableCell.m in Sources */ = {isa = PBXBuildFile; fileRef = 8CF982B718FECE50001A3FAB /* CADRACSwippeableCell.m */; };
		8CF982BB18FED1EA001A3FAB /* CADSampleCell.m in Sources */ = {isa = PBXBuildFile; fileRef = 8CF982BA18FED1EA001A3FAB /* CADSampleCell.m */; };
		8CF982BD18FED202001A3FAB /* CADSampleCell.xib in Resources */ = {isa = PBXBuildFile; fileRef = 8CF982BC18FED202001A3FAB /* CADSampleCell.xib */; };
/* End PBXBuildFile section */

/* Begin PBXContainerItemProxy section */
		8CF9829F18FECB46001A3FAB /* PBXContainerItemProxy */ = {
			isa = PBXContainerItemProxy;
			containerPortal = 8CF9827718FECB46001A3FAB /* Project object */;
			proxyType = 1;
			remoteGlobalIDString = 8CF9827E18FECB46001A3FAB;
			remoteInfo = CADRACSwippeableCell;
		};
/* End PBXContainerItemProxy section */

/* Begin PBXFileReference section */
		068923FA732D485CBE8406E4 /* libPods.a */ = {isa = PBXFileReference; explicitFileType = archive.ar; includeInIndex = 0; path = libPods.a; sourceTree = BUILT_PRODUCTS_DIR; };
		5EB5728A26D040BFB6E63D5C /* Pods.xcconfig */ = {isa = PBXFileReference; includeInIndex = 1; lastKnownFileType = text.xcconfig; name = Pods.xcconfig; path = Pods/Pods.xcconfig; sourceTree = "<group>"; };
		8CF9827F18FECB46001A3FAB /* CADRACSwippeableCell.app */ = {isa = PBXFileReference; explicitFileType = wrapper.application; includeInIndex = 0; path = CADRACSwippeableCell.app; sourceTree = BUILT_PRODUCTS_DIR; };
		8CF9828218FECB46001A3FAB /* Foundation.framework */ = {isa = PBXFileReference; lastKnownFileType = wrapper.framework; name = Foundation.framework; path = System/Library/Frameworks/Foundation.framework; sourceTree = SDKROOT; };
		8CF9828418FECB46001A3FAB /* CoreGraphics.framework */ = {isa = PBXFileReference; lastKnownFileType = wrapper.framework; name = CoreGraphics.framework; path = System/Library/Frameworks/CoreGraphics.framework; sourceTree = SDKROOT; };
		8CF9828618FECB46001A3FAB /* UIKit.framework */ = {isa = PBXFileReference; lastKnownFileType = wrapper.framework; name = UIKit.framework; path = System/Library/Frameworks/UIKit.framework; sourceTree = SDKROOT; };
		8CF9828A18FECB46001A3FAB /* CADRACSwippeableCell-Info.plist */ = {isa = PBXFileReference; lastKnownFileType = text.plist.xml; path = "CADRACSwippeableCell-Info.plist"; sourceTree = "<group>"; };
		8CF9828C18FECB46001A3FAB /* en */ = {isa = PBXFileReference; lastKnownFileType = text.plist.strings; name = en; path = en.lproj/InfoPlist.strings; sourceTree = "<group>"; };
		8CF9828E18FECB46001A3FAB /* main.m */ = {isa = PBXFileReference; lastKnownFileType = sourcecode.c.objc; path = main.m; sourceTree = "<group>"; };
		8CF9829018FECB46001A3FAB /* CADRACSwippeableCell-Prefix.pch */ = {isa = PBXFileReference; lastKnownFileType = sourcecode.c.h; path = "CADRACSwippeableCell-Prefix.pch"; sourceTree = "<group>"; };
		8CF9829118FECB46001A3FAB /* CADAppDelegate.h */ = {isa = PBXFileReference; lastKnownFileType = sourcecode.c.h; path = CADAppDelegate.h; sourceTree = "<group>"; };
		8CF9829218FECB46001A3FAB /* CADAppDelegate.m */ = {isa = PBXFileReference; lastKnownFileType = sourcecode.c.objc; path = CADAppDelegate.m; sourceTree = "<group>"; };
		8CF9829418FECB46001A3FAB /* Images.xcassets */ = {isa = PBXFileReference; lastKnownFileType = folder.assetcatalog; path = Images.xcassets; sourceTree = "<group>"; };
		8CF9829A18FECB46001A3FAB /* CADRACSwippeableCellTests.xctest */ = {isa = PBXFileReference; explicitFileType = wrapper.cfbundle; includeInIndex = 0; path = CADRACSwippeableCellTests.xctest; sourceTree = BUILT_PRODUCTS_DIR; };
		8CF9829B18FECB46001A3FAB /* XCTest.framework */ = {isa = PBXFileReference; lastKnownFileType = wrapper.framework; name = XCTest.framework; path = Library/Frameworks/XCTest.framework; sourceTree = DEVELOPER_DIR; };
		8CF982A318FECB46001A3FAB /* CADRACSwippeableCellTests-Info.plist */ = {isa = PBXFileReference; lastKnownFileType = text.plist.xml; path = "CADRACSwippeableCellTests-Info.plist"; sourceTree = "<group>"; };
		8CF982A518FECB46001A3FAB /* en */ = {isa = PBXFileReference; lastKnownFileType = text.plist.strings; name = en; path = en.lproj/InfoPlist.strings; sourceTree = "<group>"; };
		8CF982A718FECB46001A3FAB /* CADRACSwippeableCellTests.m */ = {isa = PBXFileReference; lastKnownFileType = sourcecode.c.objc; path = CADRACSwippeableCellTests.m; sourceTree = "<group>"; };
		8CF982B118FECCB1001A3FAB /* CADViewController.h */ = {isa = PBXFileReference; fileEncoding = 4; lastKnownFileType = sourcecode.c.h; path = CADViewController.h; sourceTree = "<group>"; };
		8CF982B218FECCB1001A3FAB /* CADViewController.m */ = {isa = PBXFileReference; fileEncoding = 4; lastKnownFileType = sourcecode.c.objc; path = CADViewController.m; sourceTree = "<group>"; };
		8CF982B318FECCB1001A3FAB /* CADViewController.xib */ = {isa = PBXFileReference; fileEncoding = 4; lastKnownFileType = file.xib; path = CADViewController.xib; sourceTree = "<group>"; };
		8CF982B618FECE50001A3FAB /* CADRACSwippeableCell.h */ = {isa = PBXFileReference; fileEncoding = 4; lastKnownFileType = sourcecode.c.h; name = CADRACSwippeableCell.h; path = ../../Source/CADRACSwippeableCell.h; sourceTree = "<group>"; };
		8CF982B718FECE50001A3FAB /* CADRACSwippeableCell.m */ = {isa = PBXFileReference; fileEncoding = 4; lastKnownFileType = sourcecode.c.objc; name = CADRACSwippeableCell.m; path = ../../Source/CADRACSwippeableCell.m; sourceTree = "<group>"; };
		8CF982B918FED1EA001A3FAB /* CADSampleCell.h */ = {isa = PBXFileReference; fileEncoding = 4; lastKnownFileType = sourcecode.c.h; path = CADSampleCell.h; sourceTree = "<group>"; };
		8CF982BA18FED1EA001A3FAB /* CADSampleCell.m */ = {isa = PBXFileReference; fileEncoding = 4; lastKnownFileType = sourcecode.c.objc; path = CADSampleCell.m; sourceTree = "<group>"; };
		8CF982BC18FED202001A3FAB /* CADSampleCell.xib */ = {isa = PBXFileReference; fileEncoding = 4; lastKnownFileType = file.xib; path = CADSampleCell.xib; sourceTree = "<group>"; };
/* End PBXFileReference section */

/* Begin PBXFrameworksBuildPhase section */
		8CF9827C18FECB46001A3FAB /* Frameworks */ = {
			isa = PBXFrameworksBuildPhase;
			buildActionMask = 2147483647;
			files = (
				8CF9828518FECB46001A3FAB /* CoreGraphics.framework in Frameworks */,
				8CF9828718FECB46001A3FAB /* UIKit.framework in Frameworks */,
				8CF9828318FECB46001A3FAB /* Foundation.framework in Frameworks */,
				7BB3AB37EB494BCEBB02ABB6 /* libPods.a in Frameworks */,
			);
			runOnlyForDeploymentPostprocessing = 0;
		};
		8CF9829718FECB46001A3FAB /* Frameworks */ = {
			isa = PBXFrameworksBuildPhase;
			buildActionMask = 2147483647;
			files = (
				8CF9829C18FECB46001A3FAB /* XCTest.framework in Frameworks */,
				8CF9829E18FECB46001A3FAB /* UIKit.framework in Frameworks */,
				8CF9829D18FECB46001A3FAB /* Foundation.framework in Frameworks */,
			);
			runOnlyForDeploymentPostprocessing = 0;
		};
/* End PBXFrameworksBuildPhase section */

/* Begin PBXGroup section */
		8CF9827618FECB46001A3FAB = {
			isa = PBXGroup;
			children = (
				8CF9828818FECB46001A3FAB /* CADRACSwippeableCell */,
				8CF982A118FECB46001A3FAB /* CADRACSwippeableCellTests */,
				8CF9828118FECB46001A3FAB /* Frameworks */,
				8CF9828018FECB46001A3FAB /* Products */,
				5EB5728A26D040BFB6E63D5C /* Pods.xcconfig */,
			);
			sourceTree = "<group>";
		};
		8CF9828018FECB46001A3FAB /* Products */ = {
			isa = PBXGroup;
			children = (
				8CF9827F18FECB46001A3FAB /* CADRACSwippeableCell.app */,
				8CF9829A18FECB46001A3FAB /* CADRACSwippeableCellTests.xctest */,
			);
			name = Products;
			sourceTree = "<group>";
		};
		8CF9828118FECB46001A3FAB /* Frameworks */ = {
			isa = PBXGroup;
			children = (
				8CF9828218FECB46001A3FAB /* Foundation.framework */,
				8CF9828418FECB46001A3FAB /* CoreGraphics.framework */,
				8CF9828618FECB46001A3FAB /* UIKit.framework */,
				8CF9829B18FECB46001A3FAB /* XCTest.framework */,
				068923FA732D485CBE8406E4 /* libPods.a */,
			);
			name = Frameworks;
			sourceTree = "<group>";
		};
		8CF9828818FECB46001A3FAB /* CADRACSwippeableCell */ = {
			isa = PBXGroup;
			children = (
				8CF9829118FECB46001A3FAB /* CADAppDelegate.h */,
				8CF9829218FECB46001A3FAB /* CADAppDelegate.m */,
				8CF982B118FECCB1001A3FAB /* CADViewController.h */,
				8CF982B218FECCB1001A3FAB /* CADViewController.m */,
				8CF982B318FECCB1001A3FAB /* CADViewController.xib */,
				8CF982B618FECE50001A3FAB /* CADRACSwippeableCell.h */,
				8CF982B718FECE50001A3FAB /* CADRACSwippeableCell.m */,
				8CF982B918FED1EA001A3FAB /* CADSampleCell.h */,
				8CF982BA18FED1EA001A3FAB /* CADSampleCell.m */,
				8CF982BC18FED202001A3FAB /* CADSampleCell.xib */,
				8CF9829418FECB46001A3FAB /* Images.xcassets */,
				8CF9828918FECB46001A3FAB /* Supporting Files */,
			);
			path = CADRACSwippeableCell;
			sourceTree = "<group>";
		};
		8CF9828918FECB46001A3FAB /* Supporting Files */ = {
			isa = PBXGroup;
			children = (
				8CF9828A18FECB46001A3FAB /* CADRACSwippeableCell-Info.plist */,
				8CF9828B18FECB46001A3FAB /* InfoPlist.strings */,
				8CF9828E18FECB46001A3FAB /* main.m */,
				8CF9829018FECB46001A3FAB /* CADRACSwippeableCell-Prefix.pch */,
			);
			name = "Supporting Files";
			sourceTree = "<group>";
		};
		8CF982A118FECB46001A3FAB /* CADRACSwippeableCellTests */ = {
			isa = PBXGroup;
			children = (
				8CF982A718FECB46001A3FAB /* CADRACSwippeableCellTests.m */,
				8CF982A218FECB46001A3FAB /* Supporting Files */,
			);
			path = CADRACSwippeableCellTests;
			sourceTree = "<group>";
		};
		8CF982A218FECB46001A3FAB /* Supporting Files */ = {
			isa = PBXGroup;
			children = (
				8CF982A318FECB46001A3FAB /* CADRACSwippeableCellTests-Info.plist */,
				8CF982A418FECB46001A3FAB /* InfoPlist.strings */,
			);
			name = "Supporting Files";
			sourceTree = "<group>";
		};
/* End PBXGroup section */

/* Begin PBXNativeTarget section */
		8CF9827E18FECB46001A3FAB /* CADRACSwippeableCell */ = {
			isa = PBXNativeTarget;
			buildConfigurationList = 8CF982AB18FECB46001A3FAB /* Build configuration list for PBXNativeTarget "CADRACSwippeableCell" */;
			buildPhases = (
				BDD5401432494994BAFB097F /* Check Pods Manifest.lock */,
				8CF9827B18FECB46001A3FAB /* Sources */,
				8CF9827C18FECB46001A3FAB /* Frameworks */,
				8CF9827D18FECB46001A3FAB /* Resources */,
				D0344F28793343D890018F67 /* Copy Pods Resources */,
			);
			buildRules = (
			);
			dependencies = (
			);
			name = CADRACSwippeableCell;
			productName = CADRACSwippeableCell;
			productReference = 8CF9827F18FECB46001A3FAB /* CADRACSwippeableCell.app */;
			productType = "com.apple.product-type.application";
		};
		8CF9829918FECB46001A3FAB /* CADRACSwippeableCellTests */ = {
			isa = PBXNativeTarget;
			buildConfigurationList = 8CF982AE18FECB46001A3FAB /* Build configuration list for PBXNativeTarget "CADRACSwippeableCellTests" */;
			buildPhases = (
				8CF9829618FECB46001A3FAB /* Sources */,
				8CF9829718FECB46001A3FAB /* Frameworks */,
				8CF9829818FECB46001A3FAB /* Resources */,
			);
			buildRules = (
			);
			dependencies = (
				8CF982A018FECB46001A3FAB /* PBXTargetDependency */,
			);
			name = CADRACSwippeableCellTests;
			productName = CADRACSwippeableCellTests;
			productReference = 8CF9829A18FECB46001A3FAB /* CADRACSwippeableCellTests.xctest */;
			productType = "com.apple.product-type.bundle.unit-test";
		};
/* End PBXNativeTarget section */

/* Begin PBXProject section */
		8CF9827718FECB46001A3FAB /* Project object */ = {
			isa = PBXProject;
			attributes = {
				CLASSPREFIX = CAD;
				LastUpgradeCheck = 0510;
				ORGANIZATIONNAME = "Crows And Dogs";
				TargetAttributes = {
					8CF9829918FECB46001A3FAB = {
						TestTargetID = 8CF9827E18FECB46001A3FAB;
					};
				};
			};
			buildConfigurationList = 8CF9827A18FECB46001A3FAB /* Build configuration list for PBXProject "CADRACSwippeableCell" */;
			compatibilityVersion = "Xcode 3.2";
			developmentRegion = English;
			hasScannedForEncodings = 0;
			knownRegions = (
				en,
			);
			mainGroup = 8CF9827618FECB46001A3FAB;
			productRefGroup = 8CF9828018FECB46001A3FAB /* Products */;
			projectDirPath = "";
			projectRoot = "";
			targets = (
				8CF9827E18FECB46001A3FAB /* CADRACSwippeableCell */,
				8CF9829918FECB46001A3FAB /* CADRACSwippeableCellTests */,
			);
		};
/* End PBXProject section */

/* Begin PBXResourcesBuildPhase section */
		8CF9827D18FECB46001A3FAB /* Resources */ = {
			isa = PBXResourcesBuildPhase;
			buildActionMask = 2147483647;
			files = (
				8CF982BD18FED202001A3FAB /* CADSampleCell.xib in Resources */,
				8CF9828D18FECB46001A3FAB /* InfoPlist.strings in Resources */,
				8CF982B518FECCB1001A3FAB /* CADViewController.xib in Resources */,
				8CF9829518FECB46001A3FAB /* Images.xcassets in Resources */,
			);
			runOnlyForDeploymentPostprocessing = 0;
		};
		8CF9829818FECB46001A3FAB /* Resources */ = {
			isa = PBXResourcesBuildPhase;
			buildActionMask = 2147483647;
			files = (
				8CF982A618FECB46001A3FAB /* InfoPlist.strings in Resources */,
			);
			runOnlyForDeploymentPostprocessing = 0;
		};
/* End PBXResourcesBuildPhase section */

/* Begin PBXShellScriptBuildPhase section */
		BDD5401432494994BAFB097F /* Check Pods Manifest.lock */ = {
			isa = PBXShellScriptBuildPhase;
			buildActionMask = 2147483647;
			files = (
			);
			inputPaths = (
			);
			name = "Check Pods Manifest.lock";
			outputPaths = (
			);
			runOnlyForDeploymentPostprocessing = 0;
			shellPath = /bin/sh;
			shellScript = "diff \"${PODS_ROOT}/../Podfile.lock\" \"${PODS_ROOT}/Manifest.lock\" > /dev/null\nif [[ $? != 0 ]] ; then\n    cat << EOM\nerror: The sandbox is not in sync with the Podfile.lock. Run 'pod install' or update your CocoaPods installation.\nEOM\n    exit 1\nfi\n";
			showEnvVarsInLog = 0;
		};
		D0344F28793343D890018F67 /* Copy Pods Resources */ = {
			isa = PBXShellScriptBuildPhase;
			buildActionMask = 2147483647;
			files = (
			);
			inputPaths = (
			);
			name = "Copy Pods Resources";
			outputPaths = (
			);
			runOnlyForDeploymentPostprocessing = 0;
			shellPath = /bin/sh;
			shellScript = "\"${SRCROOT}/Pods/Pods-resources.sh\"\n";
			showEnvVarsInLog = 0;
		};
/* End PBXShellScriptBuildPhase section */

/* Begin PBXSourcesBuildPhase section */
		8CF9827B18FECB46001A3FAB /* Sources */ = {
			isa = PBXSourcesBuildPhase;
			buildActionMask = 2147483647;
			files = (
				8CF9828F18FECB46001A3FAB /* main.m in Sources */,
				8CF982BB18FED1EA001A3FAB /* CADSampleCell.m in Sources */,
				8CF9829318FECB46001A3FAB /* CADAppDelegate.m in Sources */,
				8CF982B418FECCB1001A3FAB /* CADViewController.m in Sources */,
				8CF982B818FECE50001A3FAB /* CADRACSwippeableCell.m in Sources */,
			);
			runOnlyForDeploymentPostprocessing = 0;
		};
		8CF9829618FECB46001A3FAB /* Sources */ = {
			isa = PBXSourcesBuildPhase;
			buildActionMask = 2147483647;
			files = (
				8CF982A818FECB46001A3FAB /* CADRACSwippeableCellTests.m in Sources */,
			);
			runOnlyForDeploymentPostprocessing = 0;
		};
/* End PBXSourcesBuildPhase section */

/* Begin PBXTargetDependency section */
		8CF982A018FECB46001A3FAB /* PBXTargetDependency */ = {
			isa = PBXTargetDependency;
			target = 8CF9827E18FECB46001A3FAB /* CADRACSwippeableCell */;
			targetProxy = 8CF9829F18FECB46001A3FAB /* PBXContainerItemProxy */;
		};
/* End PBXTargetDependency section */

/* Begin PBXVariantGroup section */
		8CF9828B18FECB46001A3FAB /* InfoPlist.strings */ = {
			isa = PBXVariantGroup;
			children = (
				8CF9828C18FECB46001A3FAB /* en */,
			);
			name = InfoPlist.strings;
			sourceTree = "<group>";
		};
		8CF982A418FECB46001A3FAB /* InfoPlist.strings */ = {
			isa = PBXVariantGroup;
			children = (
				8CF982A518FECB46001A3FAB /* en */,
			);
			name = InfoPlist.strings;
			sourceTree = "<group>";
		};
/* End PBXVariantGroup section */

/* Begin XCBuildConfiguration section */
		8CF982A918FECB46001A3FAB /* Debug */ = {
			isa = XCBuildConfiguration;
			buildSettings = {
				ALWAYS_SEARCH_USER_PATHS = NO;
				CLANG_CXX_LANGUAGE_STANDARD = "gnu++0x";
				CLANG_CXX_LIBRARY = "libc++";
				CLANG_ENABLE_MODULES = YES;
				CLANG_ENABLE_OBJC_ARC = YES;
				CLANG_WARN_BOOL_CONVERSION = YES;
				CLANG_WARN_CONSTANT_CONVERSION = YES;
				CLANG_WARN_DIRECT_OBJC_ISA_USAGE = YES_ERROR;
				CLANG_WARN_EMPTY_BODY = YES;
				CLANG_WARN_ENUM_CONVERSION = YES;
				CLANG_WARN_INT_CONVERSION = YES;
				CLANG_WARN_OBJC_ROOT_CLASS = YES_ERROR;
				CLANG_WARN__DUPLICATE_METHOD_MATCH = YES;
				"CODE_SIGN_IDENTITY[sdk=iphoneos*]" = "iPhone Developer";
				COPY_PHASE_STRIP = NO;
				GCC_C_LANGUAGE_STANDARD = gnu99;
				GCC_DYNAMIC_NO_PIC = NO;
				GCC_OPTIMIZATION_LEVEL = 0;
				GCC_PREPROCESSOR_DEFINITIONS = (
					"DEBUG=1",
					"$(inherited)",
				);
				GCC_SYMBOLS_PRIVATE_EXTERN = NO;
				GCC_WARN_64_TO_32_BIT_CONVERSION = YES;
				GCC_WARN_ABOUT_RETURN_TYPE = YES_ERROR;
				GCC_WARN_UNDECLARED_SELECTOR = YES;
				GCC_WARN_UNINITIALIZED_AUTOS = YES_AGGRESSIVE;
				GCC_WARN_UNUSED_FUNCTION = YES;
				GCC_WARN_UNUSED_VARIABLE = YES;
				IPHONEOS_DEPLOYMENT_TARGET = 7.1;
				ONLY_ACTIVE_ARCH = YES;
				SDKROOT = iphoneos;
			};
			name = Debug;
		};
		8CF982AA18FECB46001A3FAB /* Release */ = {
			isa = XCBuildConfiguration;
			buildSettings = {
				ALWAYS_SEARCH_USER_PATHS = NO;
				CLANG_CXX_LANGUAGE_STANDARD = "gnu++0x";
				CLANG_CXX_LIBRARY = "libc++";
				CLANG_ENABLE_MODULES = YES;
				CLANG_ENABLE_OBJC_ARC = YES;
				CLANG_WARN_BOOL_CONVERSION = YES;
				CLANG_WARN_CONSTANT_CONVERSION = YES;
				CLANG_WARN_DIRECT_OBJC_ISA_USAGE = YES_ERROR;
				CLANG_WARN_EMPTY_BODY = YES;
				CLANG_WARN_ENUM_CONVERSION = YES;
				CLANG_WARN_INT_CONVERSION = YES;
				CLANG_WARN_OBJC_ROOT_CLASS = YES_ERROR;
				CLANG_WARN__DUPLICATE_METHOD_MATCH = YES;
				"CODE_SIGN_IDENTITY[sdk=iphoneos*]" = "iPhone Developer";
				COPY_PHASE_STRIP = YES;
				ENABLE_NS_ASSERTIONS = NO;
				GCC_C_LANGUAGE_STANDARD = gnu99;
				GCC_WARN_64_TO_32_BIT_CONVERSION = YES;
				GCC_WARN_ABOUT_RETURN_TYPE = YES_ERROR;
				GCC_WARN_UNDECLARED_SELECTOR = YES;
				GCC_WARN_UNINITIALIZED_AUTOS = YES_AGGRESSIVE;
				GCC_WARN_UNUSED_FUNCTION = YES;
				GCC_WARN_UNUSED_VARIABLE = YES;
				IPHONEOS_DEPLOYMENT_TARGET = 7.1;
				SDKROOT = iphoneos;
				VALIDATE_PRODUCT = YES;
			};
			name = Release;
		};
		8CF982AC18FECB46001A3FAB /* Debug */ = {
			isa = XCBuildConfiguration;
			baseConfigurationReference = 5EB5728A26D040BFB6E63D5C /* Pods.xcconfig */;
			buildSettings = {
				ASSETCATALOG_COMPILER_APPICON_NAME = AppIcon;
				ASSETCATALOG_COMPILER_LAUNCHIMAGE_NAME = LaunchImage;
				GCC_PRECOMPILE_PREFIX_HEADER = YES;
				GCC_PREFIX_HEADER = "CADRACSwippeableCell/CADRACSwippeableCell-Prefix.pch";
				INFOPLIST_FILE = "CADRACSwippeableCell/CADRACSwippeableCell-Info.plist";
				PRODUCT_NAME = "$(TARGET_NAME)";
				WRAPPER_EXTENSION = app;
			};
			name = Debug;
		};
		8CF982AD18FECB46001A3FAB /* Release */ = {
			isa = XCBuildConfiguration;
			baseConfigurationReference = 5EB5728A26D040BFB6E63D5C /* Pods.xcconfig */;
			buildSettings = {
				ASSETCATALOG_COMPILER_APPICON_NAME = AppIcon;
				ASSETCATALOG_COMPILER_LAUNCHIMAGE_NAME = LaunchImage;
				GCC_PRECOMPILE_PREFIX_HEADER = YES;
				GCC_PREFIX_HEADER = "CADRACSwippeableCell/CADRACSwippeableCell-Prefix.pch";
				INFOPLIST_FILE = "CADRACSwippeableCell/CADRACSwippeableCell-Info.plist";
				PRODUCT_NAME = "$(TARGET_NAME)";
				WRAPPER_EXTENSION = app;
			};
			name = Release;
		};
		8CF982AF18FECB46001A3FAB /* Debug */ = {
			isa = XCBuildConfiguration;
			buildSettings = {
				BUNDLE_LOADER = "$(BUILT_PRODUCTS_DIR)/CADRACSwippeableCell.app/CADRACSwippeableCell";
				FRAMEWORK_SEARCH_PATHS = (
					"$(SDKROOT)/Developer/Library/Frameworks",
					"$(inherited)",
					"$(DEVELOPER_FRAMEWORKS_DIR)",
				);
				GCC_PRECOMPILE_PREFIX_HEADER = YES;
				GCC_PREFIX_HEADER = "CADRACSwippeableCell/CADRACSwippeableCell-Prefix.pch";
				GCC_PREPROCESSOR_DEFINITIONS = (
					"DEBUG=1",
					"$(inherited)",
				);
				INFOPLIST_FILE = "CADRACSwippeableCellTests/CADRACSwippeableCellTests-Info.plist";
				PRODUCT_NAME = "$(TARGET_NAME)";
				TEST_HOST = "$(BUNDLE_LOADER)";
				WRAPPER_EXTENSION = xctest;
			};
			name = Debug;
		};
		8CF982B018FECB46001A3FAB /* Release */ = {
			isa = XCBuildConfiguration;
			buildSettings = {
				BUNDLE_LOADER = "$(BUILT_PRODUCTS_DIR)/CADRACSwippeableCell.app/CADRACSwippeableCell";
				FRAMEWORK_SEARCH_PATHS = (
					"$(SDKROOT)/Developer/Library/Frameworks",
					"$(inherited)",
					"$(DEVELOPER_FRAMEWORKS_DIR)",
				);
				GCC_PRECOMPILE_PREFIX_HEADER = YES;
				GCC_PREFIX_HEADER = "CADRACSwippeableCell/CADRACSwippeableCell-Prefix.pch";
				INFOPLIST_FILE = "CADRACSwippeableCellTests/CADRACSwippeableCellTests-Info.plist";
				PRODUCT_NAME = "$(TARGET_NAME)";
				TEST_HOST = "$(BUNDLE_LOADER)";
				WRAPPER_EXTENSION = xctest;
			};
			name = Release;
		};
/* End XCBuildConfiguration section */

/* Begin XCConfigurationList section */
		8CF9827A18FECB46001A3FAB /* Build configuration list for PBXProject "CADRACSwippeableCell" */ = {
			isa = XCConfigurationList;
			buildConfigurations = (
				8CF982A918FECB46001A3FAB /* Debug */,
				8CF982AA18FECB46001A3FAB /* Release */,
			);
			defaultConfigurationIsVisible = 0;
			defaultConfigurationName = Release;
		};
		8CF982AB18FECB46001A3FAB /* Build configuration list for PBXNativeTarget "CADRACSwippeableCell" */ = {
			isa = XCConfigurationList;
			buildConfigurations = (
				8CF982AC18FECB46001A3FAB /* Debug */,
				8CF982AD18FECB46001A3FAB /* Release */,
			);
			defaultConfigurationIsVisible = 0;
			defaultConfigurationName = Release;
		};
		8CF982AE18FECB46001A3FAB /* Build configuration list for PBXNativeTarget "CADRACSwippeableCellTests" */ = {
			isa = XCConfigurationList;
			buildConfigurations = (
				8CF982AF18FECB46001A3FAB /* Debug */,
				8CF982B018FECB46001A3FAB /* Release */,
			);
			defaultConfigurationIsVisible = 0;
			defaultConfigurationName = Release;
		};
/* End XCConfigurationList section */
	};
	rootObject = 8CF9827718FECB46001A3FAB /* Project object */;
}
